
Microsoft Visual Studio Solution File, Format Version 12.00
# Visual Studio Version 16
VisualStudioVersion = 16.0.30804.86
MinimumVisualStudioVersion = 10.0.40219.1
Project("{FAE04EC0-301F-11D3-BF4B-00C04F79EFBC}") = "Robotic Arm Control", "Robotic Arm Control.csproj", "{DF39481F-BAAF-41E9-8B66-2246A686CF80}"
EndProject
Project("{FAE04EC0-301F-11D3-BF4B-00C04F79EFBC}") = "Tester", "..\Tester\Tester.csproj", "{B950BFDB-F1C4-4D67-8A23-0782F56A544E}"
EndProject
Global
	GlobalSection(SolutionConfigurationPlatforms) = preSolution
		Debug|Any CPU = Debug|Any CPU
		Release|Any CPU = Release|Any CPU
	EndGlobalSection
	GlobalSection(ProjectConfigurationPlatforms) = postSolution
		{DF39481F-BAAF-41E9-8B66-2246A686CF80}.Debug|Any CPU.ActiveCfg = Debug|Any CPU
		{DF39481F-BAAF-41E9-8B66-2246A686CF80}.Debug|Any CPU.Build.0 = Debug|Any CPU
		{DF39481F-BAAF-41E9-8B66-2246A686CF80}.Release|Any CPU.ActiveCfg = Release|Any CPU
		{DF39481F-BAAF-41E9-8B66-2246A686CF80}.Release|Any CPU.Build.0 = Release|Any CPU
		{B950BFDB-F1C4-4D67-8A23-0782F56A544E}.Debug|Any CPU.ActiveCfg = Debug|Any CPU
		{B950BFDB-F1C4-4D67-8A23-0782F56A544E}.Debug|Any CPU.Build.0 = Debug|Any CPU
		{B950BFDB-F1C4-4D67-8A23-0782F56A544E}.Release|Any CPU.ActiveCfg = Release|Any CPU
		{B950BFDB-F1C4-4D67-8A23-0782F56A544E}.Release|Any CPU.Build.0 = Release|Any CPU
	EndGlobalSection
	GlobalSection(SolutionProperties) = preSolution
		HideSolutionNode = FALSE
	EndGlobalSection
	GlobalSection(ExtensibilityGlobals) = postSolution
		SolutionGuid = {D61400FC-AB1C-41B8-9876-F76181085C8E}
	EndGlobalSection
EndGlobal
